
Microsoft Visual Studio Solution File, Format Version 12.00
# Visual Studio Version 17
VisualStudioVersion = 17.14.36511.14 d17.14
MinimumVisualStudioVersion = 10.0.40219.1
Project("{FAE04EC0-301F-11D3-BF4B-00C04F79EFBC}") = "Bachelor", "Bachelor.csproj", "{491F0F8D-E110-4C5B-AA20-F0D7A9DE4562}"
EndProject
Global
	GlobalSection(SolutionConfigurationPlatforms) = preSolution
		Debug|Any CPU = Debug|Any CPU
		Release|Any CPU = Release|Any CPU
	EndGlobalSection
	GlobalSection(ProjectConfigurationPlatforms) = postSolution
		{491F0F8D-E110-4C5B-AA20-F0D7A9DE4562}.Debug|Any CPU.ActiveCfg = Debug|Any CPU
		{491F0F8D-E110-4C5B-AA20-F0D7A9DE4562}.Debug|Any CPU.Build.0 = Debug|Any CPU
		{491F0F8D-E110-4C5B-AA20-F0D7A9DE4562}.Release|Any CPU.ActiveCfg = Release|Any CPU
		{491F0F8D-E110-4C5B-AA20-F0D7A9DE4562}.Release|Any CPU.Build.0 = Release|Any CPU
	EndGlobalSection
	GlobalSection(SolutionProperties) = preSolution
		HideSolutionNode = FALSE
	EndGlobalSection
	GlobalSection(ExtensibilityGlobals) = postSolution
		SolutionGuid = {8E6E148B-2E66-44E1-B99B-C041E2A9E4DB}
	EndGlobalSection
EndGlobal
